
Microsoft Visual Studio Solution File, Format Version 12.00
# Visual Studio 15
VisualStudioVersion = 15.0.28010.2050
MinimumVisualStudioVersion = 10.0.40219.1
Project("{9A19103F-16F7-4668-BE54-9A1E7A4F7556}") = "GarlicMigrations", "GarlicMigrations\GarlicMigrations.csproj", "{60404D01-DE13-4D8A-85B2-17AF8EB9D57A}"
EndProject
Project("{9A19103F-16F7-4668-BE54-9A1E7A4F7556}") = "Tests", "Tests\Tests.csproj", "{2FCA8C98-58AD-460D-96F2-C2CB1C3C929D}"
EndProject
Global
	GlobalSection(SolutionConfigurationPlatforms) = preSolution
		Debug|Any CPU = Debug|Any CPU
		Debug|x86 = Debug|x86
		Release|Any CPU = Release|Any CPU
		Release|x86 = Release|x86
	EndGlobalSection
	GlobalSection(ProjectConfigurationPlatforms) = postSolution
		{60404D01-DE13-4D8A-85B2-17AF8EB9D57A}.Debug|Any CPU.ActiveCfg = Debug|Any CPU
		{60404D01-DE13-4D8A-85B2-17AF8EB9D57A}.Debug|Any CPU.Build.0 = Debug|Any CPU
		{60404D01-DE13-4D8A-85B2-17AF8EB9D57A}.Debug|x86.ActiveCfg = Debug|Any CPU
		{60404D01-DE13-4D8A-85B2-17AF8EB9D57A}.Debug|x86.Build.0 = Debug|Any CPU
		{60404D01-DE13-4D8A-85B2-17AF8EB9D57A}.Release|Any CPU.ActiveCfg = Release|Any CPU
		{60404D01-DE13-4D8A-85B2-17AF8EB9D57A}.Release|Any CPU.Build.0 = Release|Any CPU
		{60404D01-DE13-4D8A-85B2-17AF8EB9D57A}.Release|x86.ActiveCfg = Release|Any CPU
		{60404D01-DE13-4D8A-85B2-17AF8EB9D57A}.Release|x86.Build.0 = Release|Any CPU
		{2FCA8C98-58AD-460D-96F2-C2CB1C3C929D}.Debug|Any CPU.ActiveCfg = Debug|Any CPU
		{2FCA8C98-58AD-460D-96F2-C2CB1C3C929D}.Debug|Any CPU.Build.0 = Debug|Any CPU
		{2FCA8C98-58AD-460D-96F2-C2CB1C3C929D}.Debug|x86.ActiveCfg = Debug|Any CPU
		{2FCA8C98-58AD-460D-96F2-C2CB1C3C929D}.Debug|x86.Build.0 = Debug|Any CPU
		{2FCA8C98-58AD-460D-96F2-C2CB1C3C929D}.Release|Any CPU.ActiveCfg = Release|Any CPU
		{2FCA8C98-58AD-460D-96F2-C2CB1C3C929D}.Release|Any CPU.Build.0 = Release|Any CPU
		{2FCA8C98-58AD-460D-96F2-C2CB1C3C929D}.Release|x86.ActiveCfg = Release|Any CPU
		{2FCA8C98-58AD-460D-96F2-C2CB1C3C929D}.Release|x86.Build.0 = Release|Any CPU
	EndGlobalSection
	GlobalSection(SolutionProperties) = preSolution
		HideSolutionNode = FALSE
	EndGlobalSection
	GlobalSection(ExtensibilityGlobals) = postSolution
		SolutionGuid = {82085AF9-31C4-4F0A-A8F2-856B091FB813}
	EndGlobalSection
EndGlobal
